
Microsoft Visual Studio Solution File, Format Version 12.00
# Visual Studio 2013
VisualStudioVersion = 12.0.30110.0
MinimumVisualStudioVersion = 10.0.40219.1
Project("{FAE04EC0-301F-11D3-BF4B-00C04F79EFBC}") = "Infinity.Mvx.Plugins.Gravatar", "Infinity.Mvx.Plugins.Gravatar\Infinity.Mvx.Plugins.Gravatar.csproj", "{B965158A-ED85-4C78-BFE3-637117765ED1}"
EndProject
Project("{FAE04EC0-301F-11D3-BF4B-00C04F79EFBC}") = "Infinity.Mvx.Plugins.Gravatar.WindowsStore", "Infinity.Mvx.Plugins.Gravatar.WindowsStore\Infinity.Mvx.Plugins.Gravatar.WindowsStore.csproj", "{CE967B96-1E86-4393-92AB-CE0EC97D1D03}"
EndProject
Project("{FAE04EC0-301F-11D3-BF4B-00C04F79EFBC}") = "Infinity.Mvx.Plugins.Gravatar.Touch", "Infinity.Mvx.Plugins.Gravatar.Touch\Infinity.Mvx.Plugins.Gravatar.Touch.csproj", "{5B03874F-4AA2-41A9-A44D-BE1B800577D9}"
EndProject
Project("{FAE04EC0-301F-11D3-BF4B-00C04F79EFBC}") = "Infinity.Mvx.Plugins.Gravatar.WindowsPhone", "Infinity.Mvx.Plugins.Gravatar.WindowsPhone\Infinity.Mvx.Plugins.Gravatar.WindowsPhone.csproj", "{03A876FB-D5A4-4156-A0A9-9F8F7744E88B}"
EndProject
Project("{2150E333-8FDC-42A3-9474-1A3956D46DE8}") = ".nuget", ".nuget", "{221EAB4D-08C0-4505-A76F-755F0E68CF40}"
	ProjectSection(SolutionItems) = preProject
		.nuget\NuGet.Config = .nuget\NuGet.Config
		.nuget\NuGet.exe = .nuget\NuGet.exe
		.nuget\NuGet.targets = .nuget\NuGet.targets
	EndProjectSection
EndProject
Project("{FAE04EC0-301F-11D3-BF4B-00C04F79EFBC}") = "Infinity.Mvx.Plugins.Gravatar.Droid", "Infinity.Mvx.Plugins.Gravatar.Droid\Infinity.Mvx.Plugins.Gravatar.Droid.csproj", "{FB35C4BE-7222-4CA5-AC59-62426EA707A9}"
EndProject
Project("{2150E333-8FDC-42A3-9474-1A3956D46DE8}") = "Test", "Test", "{029BEE0E-DB4E-4DC9-A583-8E66B22F891E}"
EndProject
Project("{FAE04EC0-301F-11D3-BF4B-00C04F79EFBC}") = "Infinity.Mvx.Plugins.Gravatar.Test.Core", "Infinity.Mvx.Plugins.Gravatar.Test.Core\Infinity.Mvx.Plugins.Gravatar.Test.Core.csproj", "{A7D42473-E9C6-4B4B-BD19-F844504514DF}"
EndProject
Project("{FAE04EC0-301F-11D3-BF4B-00C04F79EFBC}") = "Infinity.Mvx.Plugins.Gravatar.Test.Droid", "Infinity.Mvx.Plugins.Gravatar.Test.Droid\Infinity.Mvx.Plugins.Gravatar.Test.Droid.csproj", "{AC9CC475-4285-4AB1-B394-0B1BF93D12B6}"
EndProject
Project("{FAE04EC0-301F-11D3-BF4B-00C04F79EFBC}") = "Infinity.Mvx.Plugins.Gravatar.Test.Touch", "Infinity.Mvx.Plugins.Gravatar.Test.Touch\Infinity.Mvx.Plugins.Gravatar.Test.Touch.csproj", "{036997EE-AE41-4F1E-B701-A5E8B25954F8}"
EndProject
Project("{FAE04EC0-301F-11D3-BF4B-00C04F79EFBC}") = "Infinity.Mvx.Plugins.Gravatar.Test.Phone", "Infinity.Mvx.Plugins.Gravatar.Test.Phone\Infinity.Mvx.Plugins.Gravatar.Test.Phone.csproj", "{94F079ED-C3B0-429F-8096-E6998659CE03}"
EndProject
Project("{FAE04EC0-301F-11D3-BF4B-00C04F79EFBC}") = "Infinity.Mvx.Plugins.Gravatar.Test.Store", "Infinity.Mvx.Plugins.Gravatar.Test.Store\Infinity.Mvx.Plugins.Gravatar.Test.Store.csproj", "{F260D9E2-137A-40E5-A366-7D8302EC7520}"
EndProject
Global
	GlobalSection(SolutionConfigurationPlatforms) = preSolution
		Ad-Hoc|Any CPU = Ad-Hoc|Any CPU
		Ad-Hoc|ARM = Ad-Hoc|ARM
		Ad-Hoc|iPhone = Ad-Hoc|iPhone
		Ad-Hoc|iPhoneSimulator = Ad-Hoc|iPhoneSimulator
		Ad-Hoc|Mixed Platforms = Ad-Hoc|Mixed Platforms
		Ad-Hoc|x64 = Ad-Hoc|x64
		Ad-Hoc|x86 = Ad-Hoc|x86
		AppStore|Any CPU = AppStore|Any CPU
		AppStore|ARM = AppStore|ARM
		AppStore|iPhone = AppStore|iPhone
		AppStore|iPhoneSimulator = AppStore|iPhoneSimulator
		AppStore|Mixed Platforms = AppStore|Mixed Platforms
		AppStore|x64 = AppStore|x64
		AppStore|x86 = AppStore|x86
		Debug|Any CPU = Debug|Any CPU
		Debug|ARM = Debug|ARM
		Debug|iPhone = Debug|iPhone
		Debug|iPhoneSimulator = Debug|iPhoneSimulator
		Debug|Mixed Platforms = Debug|Mixed Platforms
		Debug|x64 = Debug|x64
		Debug|x86 = Debug|x86
		Release|Any CPU = Release|Any CPU
		Release|ARM = Release|ARM
		Release|iPhone = Release|iPhone
		Release|iPhoneSimulator = Release|iPhoneSimulator
		Release|Mixed Platforms = Release|Mixed Platforms
		Release|x64 = Release|x64
		Release|x86 = Release|x86
	EndGlobalSection
	GlobalSection(ProjectConfigurationPlatforms) = postSolution
		{B965158A-ED85-4C78-BFE3-637117765ED1}.Ad-Hoc|Any CPU.ActiveCfg = Release|Any CPU
		{B965158A-ED85-4C78-BFE3-637117765ED1}.Ad-Hoc|Any CPU.Build.0 = Release|Any CPU
		{B965158A-ED85-4C78-BFE3-637117765ED1}.Ad-Hoc|ARM.ActiveCfg = Release|Any CPU
		{B965158A-ED85-4C78-BFE3-637117765ED1}.Ad-Hoc|iPhone.ActiveCfg = Release|Any CPU
		{B965158A-ED85-4C78-BFE3-637117765ED1}.Ad-Hoc|iPhoneSimulator.ActiveCfg = Release|Any CPU
		{B965158A-ED85-4C78-BFE3-637117765ED1}.Ad-Hoc|Mixed Platforms.ActiveCfg = Release|Any CPU
		{B965158A-ED85-4C78-BFE3-637117765ED1}.Ad-Hoc|Mixed Platforms.Build.0 = Release|Any CPU
		{B965158A-ED85-4C78-BFE3-637117765ED1}.Ad-Hoc|x64.ActiveCfg = Release|Any CPU
		{B965158A-ED85-4C78-BFE3-637117765ED1}.Ad-Hoc|x86.ActiveCfg = Release|Any CPU
		{B965158A-ED85-4C78-BFE3-637117765ED1}.AppStore|Any CPU.ActiveCfg = Release|Any CPU
		{B965158A-ED85-4C78-BFE3-637117765ED1}.AppStore|Any CPU.Build.0 = Release|Any CPU
		{B965158A-ED85-4C78-BFE3-637117765ED1}.AppStore|ARM.ActiveCfg = Release|Any CPU
		{B965158A-ED85-4C78-BFE3-637117765ED1}.AppStore|iPhone.ActiveCfg = Release|Any CPU
		{B965158A-ED85-4C78-BFE3-637117765ED1}.AppStore|iPhoneSimulator.ActiveCfg = Release|Any CPU
		{B965158A-ED85-4C78-BFE3-637117765ED1}.AppStore|Mixed Platforms.ActiveCfg = Release|Any CPU
		{B965158A-ED85-4C78-BFE3-637117765ED1}.AppStore|Mixed Platforms.Build.0 = Release|Any CPU
		{B965158A-ED85-4C78-BFE3-637117765ED1}.AppStore|x64.ActiveCfg = Release|Any CPU
		{B965158A-ED85-4C78-BFE3-637117765ED1}.AppStore|x86.ActiveCfg = Release|Any CPU
		{B965158A-ED85-4C78-BFE3-637117765ED1}.Debug|Any CPU.ActiveCfg = Debug|Any CPU
		{B965158A-ED85-4C78-BFE3-637117765ED1}.Debug|Any CPU.Build.0 = Debug|Any CPU
		{B965158A-ED85-4C78-BFE3-637117765ED1}.Debug|ARM.ActiveCfg = Debug|Any CPU
		{B965158A-ED85-4C78-BFE3-637117765ED1}.Debug|iPhone.ActiveCfg = Debug|Any CPU
		{B965158A-ED85-4C78-BFE3-637117765ED1}.Debug|iPhoneSimulator.ActiveCfg = Debug|Any CPU
		{B965158A-ED85-4C78-BFE3-637117765ED1}.Debug|Mixed Platforms.ActiveCfg = Debug|Any CPU
		{B965158A-ED85-4C78-BFE3-637117765ED1}.Debug|Mixed Platforms.Build.0 = Debug|Any CPU
		{B965158A-ED85-4C78-BFE3-637117765ED1}.Debug|x64.ActiveCfg = Debug|Any CPU
		{B965158A-ED85-4C78-BFE3-637117765ED1}.Debug|x86.ActiveCfg = Debug|Any CPU
		{B965158A-ED85-4C78-BFE3-637117765ED1}.Release|Any CPU.ActiveCfg = Release|Any CPU
		{B965158A-ED85-4C78-BFE3-637117765ED1}.Release|Any CPU.Build.0 = Release|Any CPU
		{B965158A-ED85-4C78-BFE3-637117765ED1}.Release|ARM.ActiveCfg = Release|Any CPU
		{B965158A-ED85-4C78-BFE3-637117765ED1}.Release|iPhone.ActiveCfg = Release|Any CPU
		{B965158A-ED85-4C78-BFE3-637117765ED1}.Release|iPhoneSimulator.ActiveCfg = Release|Any CPU
		{B965158A-ED85-4C78-BFE3-637117765ED1}.Release|Mixed Platforms.ActiveCfg = Release|Any CPU
		{B965158A-ED85-4C78-BFE3-637117765ED1}.Release|Mixed Platforms.Build.0 = Release|Any CPU
		{B965158A-ED85-4C78-BFE3-637117765ED1}.Release|x64.ActiveCfg = Release|Any CPU
		{B965158A-ED85-4C78-BFE3-637117765ED1}.Release|x86.ActiveCfg = Release|Any CPU
		{CE967B96-1E86-4393-92AB-CE0EC97D1D03}.Ad-Hoc|Any CPU.ActiveCfg = Release|Any CPU
		{CE967B96-1E86-4393-92AB-CE0EC97D1D03}.Ad-Hoc|Any CPU.Build.0 = Release|Any CPU
		{CE967B96-1E86-4393-92AB-CE0EC97D1D03}.Ad-Hoc|ARM.ActiveCfg = Release|ARM
		{CE967B96-1E86-4393-92AB-CE0EC97D1D03}.Ad-Hoc|ARM.Build.0 = Release|ARM
		{CE967B96-1E86-4393-92AB-CE0EC97D1D03}.Ad-Hoc|iPhone.ActiveCfg = Release|Any CPU
		{CE967B96-1E86-4393-92AB-CE0EC97D1D03}.Ad-Hoc|iPhoneSimulator.ActiveCfg = Release|Any CPU
		{CE967B96-1E86-4393-92AB-CE0EC97D1D03}.Ad-Hoc|Mixed Platforms.ActiveCfg = Release|x86
		{CE967B96-1E86-4393-92AB-CE0EC97D1D03}.Ad-Hoc|Mixed Platforms.Build.0 = Release|x86
		{CE967B96-1E86-4393-92AB-CE0EC97D1D03}.Ad-Hoc|x64.ActiveCfg = Release|x64
		{CE967B96-1E86-4393-92AB-CE0EC97D1D03}.Ad-Hoc|x64.Build.0 = Release|x64
		{CE967B96-1E86-4393-92AB-CE0EC97D1D03}.Ad-Hoc|x86.ActiveCfg = Release|x86
		{CE967B96-1E86-4393-92AB-CE0EC97D1D03}.Ad-Hoc|x86.Build.0 = Release|x86
		{CE967B96-1E86-4393-92AB-CE0EC97D1D03}.AppStore|Any CPU.ActiveCfg = Release|Any CPU
		{CE967B96-1E86-4393-92AB-CE0EC97D1D03}.AppStore|Any CPU.Build.0 = Release|Any CPU
		{CE967B96-1E86-4393-92AB-CE0EC97D1D03}.AppStore|ARM.ActiveCfg = Release|ARM
		{CE967B96-1E86-4393-92AB-CE0EC97D1D03}.AppStore|ARM.Build.0 = Release|ARM
		{CE967B96-1E86-4393-92AB-CE0EC97D1D03}.AppStore|iPhone.ActiveCfg = Release|Any CPU
		{CE967B96-1E86-4393-92AB-CE0EC97D1D03}.AppStore|iPhoneSimulator.ActiveCfg = Release|Any CPU
		{CE967B96-1E86-4393-92AB-CE0EC97D1D03}.AppStore|Mixed Platforms.ActiveCfg = Release|x86
		{CE967B96-1E86-4393-92AB-CE0EC97D1D03}.AppStore|Mixed Platforms.Build.0 = Release|x86
		{CE967B96-1E86-4393-92AB-CE0EC97D1D03}.AppStore|x64.ActiveCfg = Release|x64
		{CE967B96-1E86-4393-92AB-CE0EC97D1D03}.AppStore|x64.Build.0 = Release|x64
		{CE967B96-1E86-4393-92AB-CE0EC97D1D03}.AppStore|x86.ActiveCfg = Release|x86
		{CE967B96-1E86-4393-92AB-CE0EC97D1D03}.AppStore|x86.Build.0 = Release|x86
		{CE967B96-1E86-4393-92AB-CE0EC97D1D03}.Debug|Any CPU.ActiveCfg = Debug|Any CPU
		{CE967B96-1E86-4393-92AB-CE0EC97D1D03}.Debug|Any CPU.Build.0 = Debug|Any CPU
		{CE967B96-1E86-4393-92AB-CE0EC97D1D03}.Debug|ARM.ActiveCfg = Debug|ARM
		{CE967B96-1E86-4393-92AB-CE0EC97D1D03}.Debug|ARM.Build.0 = Debug|ARM
		{CE967B96-1E86-4393-92AB-CE0EC97D1D03}.Debug|iPhone.ActiveCfg = Debug|Any CPU
		{CE967B96-1E86-4393-92AB-CE0EC97D1D03}.Debug|iPhoneSimulator.ActiveCfg = Debug|Any CPU
		{CE967B96-1E86-4393-92AB-CE0EC97D1D03}.Debug|Mixed Platforms.ActiveCfg = Debug|x86
		{CE967B96-1E86-4393-92AB-CE0EC97D1D03}.Debug|Mixed Platforms.Build.0 = Debug|x86
		{CE967B96-1E86-4393-92AB-CE0EC97D1D03}.Debug|x64.ActiveCfg = Debug|x64
		{CE967B96-1E86-4393-92AB-CE0EC97D1D03}.Debug|x64.Build.0 = Debug|x64
		{CE967B96-1E86-4393-92AB-CE0EC97D1D03}.Debug|x86.ActiveCfg = Debug|x86
		{CE967B96-1E86-4393-92AB-CE0EC97D1D03}.Debug|x86.Build.0 = Debug|x86
		{CE967B96-1E86-4393-92AB-CE0EC97D1D03}.Release|Any CPU.ActiveCfg = Release|Any CPU
		{CE967B96-1E86-4393-92AB-CE0EC97D1D03}.Release|Any CPU.Build.0 = Release|Any CPU
		{CE967B96-1E86-4393-92AB-CE0EC97D1D03}.Release|ARM.ActiveCfg = Release|ARM
		{CE967B96-1E86-4393-92AB-CE0EC97D1D03}.Release|ARM.Build.0 = Release|ARM
		{CE967B96-1E86-4393-92AB-CE0EC97D1D03}.Release|iPhone.ActiveCfg = Release|Any CPU
		{CE967B96-1E86-4393-92AB-CE0EC97D1D03}.Release|iPhoneSimulator.ActiveCfg = Release|Any CPU
		{CE967B96-1E86-4393-92AB-CE0EC97D1D03}.Release|Mixed Platforms.ActiveCfg = Release|x86
		{CE967B96-1E86-4393-92AB-CE0EC97D1D03}.Release|Mixed Platforms.Build.0 = Release|x86
		{CE967B96-1E86-4393-92AB-CE0EC97D1D03}.Release|x64.ActiveCfg = Release|x64
		{CE967B96-1E86-4393-92AB-CE0EC97D1D03}.Release|x64.Build.0 = Release|x64
		{CE967B96-1E86-4393-92AB-CE0EC97D1D03}.Release|x86.ActiveCfg = Release|x86
		{CE967B96-1E86-4393-92AB-CE0EC97D1D03}.Release|x86.Build.0 = Release|x86
		{5B03874F-4AA2-41A9-A44D-BE1B800577D9}.Ad-Hoc|Any CPU.ActiveCfg = Release|Any CPU
		{5B03874F-4AA2-41A9-A44D-BE1B800577D9}.Ad-Hoc|Any CPU.Build.0 = Release|Any CPU
		{5B03874F-4AA2-41A9-A44D-BE1B800577D9}.Ad-Hoc|ARM.ActiveCfg = Release|Any CPU
		{5B03874F-4AA2-41A9-A44D-BE1B800577D9}.Ad-Hoc|iPhone.ActiveCfg = Release|Any CPU
		{5B03874F-4AA2-41A9-A44D-BE1B800577D9}.Ad-Hoc|iPhoneSimulator.ActiveCfg = Release|Any CPU
		{5B03874F-4AA2-41A9-A44D-BE1B800577D9}.Ad-Hoc|Mixed Platforms.ActiveCfg = Release|Any CPU
		{5B03874F-4AA2-41A9-A44D-BE1B800577D9}.Ad-Hoc|Mixed Platforms.Build.0 = Release|Any CPU
		{5B03874F-4AA2-41A9-A44D-BE1B800577D9}.Ad-Hoc|x64.ActiveCfg = Release|Any CPU
		{5B03874F-4AA2-41A9-A44D-BE1B800577D9}.Ad-Hoc|x86.ActiveCfg = Release|Any CPU
		{5B03874F-4AA2-41A9-A44D-BE1B800577D9}.AppStore|Any CPU.ActiveCfg = Release|Any CPU
		{5B03874F-4AA2-41A9-A44D-BE1B800577D9}.AppStore|Any CPU.Build.0 = Release|Any CPU
		{5B03874F-4AA2-41A9-A44D-BE1B800577D9}.AppStore|ARM.ActiveCfg = Release|Any CPU
		{5B03874F-4AA2-41A9-A44D-BE1B800577D9}.AppStore|iPhone.ActiveCfg = Release|Any CPU
		{5B03874F-4AA2-41A9-A44D-BE1B800577D9}.AppStore|iPhoneSimulator.ActiveCfg = Release|Any CPU
		{5B03874F-4AA2-41A9-A44D-BE1B800577D9}.AppStore|Mixed Platforms.ActiveCfg = Release|Any CPU
		{5B03874F-4AA2-41A9-A44D-BE1B800577D9}.AppStore|Mixed Platforms.Build.0 = Release|Any CPU
		{5B03874F-4AA2-41A9-A44D-BE1B800577D9}.AppStore|x64.ActiveCfg = Release|Any CPU
		{5B03874F-4AA2-41A9-A44D-BE1B800577D9}.AppStore|x86.ActiveCfg = Release|Any CPU
		{5B03874F-4AA2-41A9-A44D-BE1B800577D9}.Debug|Any CPU.ActiveCfg = Debug|Any CPU
		{5B03874F-4AA2-41A9-A44D-BE1B800577D9}.Debug|Any CPU.Build.0 = Debug|Any CPU
		{5B03874F-4AA2-41A9-A44D-BE1B800577D9}.Debug|ARM.ActiveCfg = Debug|Any CPU
		{5B03874F-4AA2-41A9-A44D-BE1B800577D9}.Debug|iPhone.ActiveCfg = Debug|Any CPU
		{5B03874F-4AA2-41A9-A44D-BE1B800577D9}.Debug|iPhoneSimulator.ActiveCfg = Debug|Any CPU
		{5B03874F-4AA2-41A9-A44D-BE1B800577D9}.Debug|Mixed Platforms.ActiveCfg = Debug|Any CPU
		{5B03874F-4AA2-41A9-A44D-BE1B800577D9}.Debug|Mixed Platforms.Build.0 = Debug|Any CPU
		{5B03874F-4AA2-41A9-A44D-BE1B800577D9}.Debug|x64.ActiveCfg = Debug|Any CPU
		{5B03874F-4AA2-41A9-A44D-BE1B800577D9}.Debug|x86.ActiveCfg = Debug|Any CPU
		{5B03874F-4AA2-41A9-A44D-BE1B800577D9}.Release|Any CPU.ActiveCfg = Release|Any CPU
		{5B03874F-4AA2-41A9-A44D-BE1B800577D9}.Release|Any CPU.Build.0 = Release|Any CPU
		{5B03874F-4AA2-41A9-A44D-BE1B800577D9}.Release|ARM.ActiveCfg = Release|Any CPU
		{5B03874F-4AA2-41A9-A44D-BE1B800577D9}.Release|iPhone.ActiveCfg = Release|Any CPU
		{5B03874F-4AA2-41A9-A44D-BE1B800577D9}.Release|iPhoneSimulator.ActiveCfg = Release|Any CPU
		{5B03874F-4AA2-41A9-A44D-BE1B800577D9}.Release|Mixed Platforms.ActiveCfg = Release|Any CPU
		{5B03874F-4AA2-41A9-A44D-BE1B800577D9}.Release|Mixed Platforms.Build.0 = Release|Any CPU
		{5B03874F-4AA2-41A9-A44D-BE1B800577D9}.Release|x64.ActiveCfg = Release|Any CPU
		{5B03874F-4AA2-41A9-A44D-BE1B800577D9}.Release|x86.ActiveCfg = Release|Any CPU
		{03A876FB-D5A4-4156-A0A9-9F8F7744E88B}.Ad-Hoc|Any CPU.ActiveCfg = Release|Any CPU
		{03A876FB-D5A4-4156-A0A9-9F8F7744E88B}.Ad-Hoc|Any CPU.Build.0 = Release|Any CPU
		{03A876FB-D5A4-4156-A0A9-9F8F7744E88B}.Ad-Hoc|ARM.ActiveCfg = Release|ARM
		{03A876FB-D5A4-4156-A0A9-9F8F7744E88B}.Ad-Hoc|ARM.Build.0 = Release|ARM
		{03A876FB-D5A4-4156-A0A9-9F8F7744E88B}.Ad-Hoc|iPhone.ActiveCfg = Release|Any CPU
		{03A876FB-D5A4-4156-A0A9-9F8F7744E88B}.Ad-Hoc|iPhoneSimulator.ActiveCfg = Release|Any CPU
		{03A876FB-D5A4-4156-A0A9-9F8F7744E88B}.Ad-Hoc|Mixed Platforms.ActiveCfg = Release|x86
		{03A876FB-D5A4-4156-A0A9-9F8F7744E88B}.Ad-Hoc|Mixed Platforms.Build.0 = Release|x86
		{03A876FB-D5A4-4156-A0A9-9F8F7744E88B}.Ad-Hoc|x64.ActiveCfg = Release|Any CPU
		{03A876FB-D5A4-4156-A0A9-9F8F7744E88B}.Ad-Hoc|x86.ActiveCfg = Release|x86
		{03A876FB-D5A4-4156-A0A9-9F8F7744E88B}.Ad-Hoc|x86.Build.0 = Release|x86
		{03A876FB-D5A4-4156-A0A9-9F8F7744E88B}.AppStore|Any CPU.ActiveCfg = Release|Any CPU
		{03A876FB-D5A4-4156-A0A9-9F8F7744E88B}.AppStore|Any CPU.Build.0 = Release|Any CPU
		{03A876FB-D5A4-4156-A0A9-9F8F7744E88B}.AppStore|ARM.ActiveCfg = Release|ARM
		{03A876FB-D5A4-4156-A0A9-9F8F7744E88B}.AppStore|ARM.Build.0 = Release|ARM
		{03A876FB-D5A4-4156-A0A9-9F8F7744E88B}.AppStore|iPhone.ActiveCfg = Release|Any CPU
		{03A876FB-D5A4-4156-A0A9-9F8F7744E88B}.AppStore|iPhoneSimulator.ActiveCfg = Release|Any CPU
		{03A876FB-D5A4-4156-A0A9-9F8F7744E88B}.AppStore|Mixed Platforms.ActiveCfg = Release|x86
		{03A876FB-D5A4-4156-A0A9-9F8F7744E88B}.AppStore|Mixed Platforms.Build.0 = Release|x86
		{03A876FB-D5A4-4156-A0A9-9F8F7744E88B}.AppStore|x64.ActiveCfg = Release|Any CPU
		{03A876FB-D5A4-4156-A0A9-9F8F7744E88B}.AppStore|x86.ActiveCfg = Release|x86
		{03A876FB-D5A4-4156-A0A9-9F8F7744E88B}.AppStore|x86.Build.0 = Release|x86
		{03A876FB-D5A4-4156-A0A9-9F8F7744E88B}.Debug|Any CPU.ActiveCfg = Debug|Any CPU
		{03A876FB-D5A4-4156-A0A9-9F8F7744E88B}.Debug|Any CPU.Build.0 = Debug|Any CPU
		{03A876FB-D5A4-4156-A0A9-9F8F7744E88B}.Debug|ARM.ActiveCfg = Debug|ARM
		{03A876FB-D5A4-4156-A0A9-9F8F7744E88B}.Debug|ARM.Build.0 = Debug|ARM
		{03A876FB-D5A4-4156-A0A9-9F8F7744E88B}.Debug|iPhone.ActiveCfg = Debug|Any CPU
		{03A876FB-D5A4-4156-A0A9-9F8F7744E88B}.Debug|iPhoneSimulator.ActiveCfg = Debug|Any CPU
		{03A876FB-D5A4-4156-A0A9-9F8F7744E88B}.Debug|Mixed Platforms.ActiveCfg = Debug|x86
		{03A876FB-D5A4-4156-A0A9-9F8F7744E88B}.Debug|Mixed Platforms.Build.0 = Debug|x86
		{03A876FB-D5A4-4156-A0A9-9F8F7744E88B}.Debug|x64.ActiveCfg = Debug|Any CPU
		{03A876FB-D5A4-4156-A0A9-9F8F7744E88B}.Debug|x86.ActiveCfg = Debug|x86
		{03A876FB-D5A4-4156-A0A9-9F8F7744E88B}.Debug|x86.Build.0 = Debug|x86
		{03A876FB-D5A4-4156-A0A9-9F8F7744E88B}.Release|Any CPU.ActiveCfg = Release|Any CPU
		{03A876FB-D5A4-4156-A0A9-9F8F7744E88B}.Release|Any CPU.Build.0 = Release|Any CPU
		{03A876FB-D5A4-4156-A0A9-9F8F7744E88B}.Release|ARM.ActiveCfg = Release|ARM
		{03A876FB-D5A4-4156-A0A9-9F8F7744E88B}.Release|ARM.Build.0 = Release|ARM
		{03A876FB-D5A4-4156-A0A9-9F8F7744E88B}.Release|iPhone.ActiveCfg = Release|Any CPU
		{03A876FB-D5A4-4156-A0A9-9F8F7744E88B}.Release|iPhoneSimulator.ActiveCfg = Release|Any CPU
		{03A876FB-D5A4-4156-A0A9-9F8F7744E88B}.Release|Mixed Platforms.ActiveCfg = Release|x86
		{03A876FB-D5A4-4156-A0A9-9F8F7744E88B}.Release|Mixed Platforms.Build.0 = Release|x86
		{03A876FB-D5A4-4156-A0A9-9F8F7744E88B}.Release|x64.ActiveCfg = Release|Any CPU
		{03A876FB-D5A4-4156-A0A9-9F8F7744E88B}.Release|x86.ActiveCfg = Release|x86
		{03A876FB-D5A4-4156-A0A9-9F8F7744E88B}.Release|x86.Build.0 = Release|x86
		{FB35C4BE-7222-4CA5-AC59-62426EA707A9}.Ad-Hoc|Any CPU.ActiveCfg = Release|Any CPU
		{FB35C4BE-7222-4CA5-AC59-62426EA707A9}.Ad-Hoc|Any CPU.Build.0 = Release|Any CPU
		{FB35C4BE-7222-4CA5-AC59-62426EA707A9}.Ad-Hoc|ARM.ActiveCfg = Release|Any CPU
		{FB35C4BE-7222-4CA5-AC59-62426EA707A9}.Ad-Hoc|iPhone.ActiveCfg = Release|Any CPU
		{FB35C4BE-7222-4CA5-AC59-62426EA707A9}.Ad-Hoc|iPhoneSimulator.ActiveCfg = Release|Any CPU
		{FB35C4BE-7222-4CA5-AC59-62426EA707A9}.Ad-Hoc|Mixed Platforms.ActiveCfg = Release|Any CPU
		{FB35C4BE-7222-4CA5-AC59-62426EA707A9}.Ad-Hoc|Mixed Platforms.Build.0 = Release|Any CPU
		{FB35C4BE-7222-4CA5-AC59-62426EA707A9}.Ad-Hoc|x64.ActiveCfg = Release|Any CPU
		{FB35C4BE-7222-4CA5-AC59-62426EA707A9}.Ad-Hoc|x86.ActiveCfg = Release|Any CPU
		{FB35C4BE-7222-4CA5-AC59-62426EA707A9}.AppStore|Any CPU.ActiveCfg = Release|Any CPU
		{FB35C4BE-7222-4CA5-AC59-62426EA707A9}.AppStore|Any CPU.Build.0 = Release|Any CPU
		{FB35C4BE-7222-4CA5-AC59-62426EA707A9}.AppStore|ARM.ActiveCfg = Release|Any CPU
		{FB35C4BE-7222-4CA5-AC59-62426EA707A9}.AppStore|iPhone.ActiveCfg = Release|Any CPU
		{FB35C4BE-7222-4CA5-AC59-62426EA707A9}.AppStore|iPhoneSimulator.ActiveCfg = Release|Any CPU
		{FB35C4BE-7222-4CA5-AC59-62426EA707A9}.AppStore|Mixed Platforms.ActiveCfg = Release|Any CPU
		{FB35C4BE-7222-4CA5-AC59-62426EA707A9}.AppStore|Mixed Platforms.Build.0 = Release|Any CPU
		{FB35C4BE-7222-4CA5-AC59-62426EA707A9}.AppStore|x64.ActiveCfg = Release|Any CPU
		{FB35C4BE-7222-4CA5-AC59-62426EA707A9}.AppStore|x86.ActiveCfg = Release|Any CPU
		{FB35C4BE-7222-4CA5-AC59-62426EA707A9}.Debug|Any CPU.ActiveCfg = Debug|Any CPU
		{FB35C4BE-7222-4CA5-AC59-62426EA707A9}.Debug|Any CPU.Build.0 = Debug|Any CPU
		{FB35C4BE-7222-4CA5-AC59-62426EA707A9}.Debug|ARM.ActiveCfg = Debug|Any CPU
		{FB35C4BE-7222-4CA5-AC59-62426EA707A9}.Debug|iPhone.ActiveCfg = Debug|Any CPU
		{FB35C4BE-7222-4CA5-AC59-62426EA707A9}.Debug|iPhoneSimulator.ActiveCfg = Debug|Any CPU
		{FB35C4BE-7222-4CA5-AC59-62426EA707A9}.Debug|Mixed Platforms.ActiveCfg = Debug|Any CPU
		{FB35C4BE-7222-4CA5-AC59-62426EA707A9}.Debug|Mixed Platforms.Build.0 = Debug|Any CPU
		{FB35C4BE-7222-4CA5-AC59-62426EA707A9}.Debug|x64.ActiveCfg = Debug|Any CPU
		{FB35C4BE-7222-4CA5-AC59-62426EA707A9}.Debug|x86.ActiveCfg = Debug|Any CPU
		{FB35C4BE-7222-4CA5-AC59-62426EA707A9}.Release|Any CPU.ActiveCfg = Release|Any CPU
		{FB35C4BE-7222-4CA5-AC59-62426EA707A9}.Release|Any CPU.Build.0 = Release|Any CPU
		{FB35C4BE-7222-4CA5-AC59-62426EA707A9}.Release|ARM.ActiveCfg = Release|Any CPU
		{FB35C4BE-7222-4CA5-AC59-62426EA707A9}.Release|iPhone.ActiveCfg = Release|Any CPU
		{FB35C4BE-7222-4CA5-AC59-62426EA707A9}.Release|iPhoneSimulator.ActiveCfg = Release|Any CPU
		{FB35C4BE-7222-4CA5-AC59-62426EA707A9}.Release|Mixed Platforms.ActiveCfg = Release|Any CPU
		{FB35C4BE-7222-4CA5-AC59-62426EA707A9}.Release|Mixed Platforms.Build.0 = Release|Any CPU
		{FB35C4BE-7222-4CA5-AC59-62426EA707A9}.Release|x64.ActiveCfg = Release|Any CPU
		{FB35C4BE-7222-4CA5-AC59-62426EA707A9}.Release|x86.ActiveCfg = Release|Any CPU
		{A7D42473-E9C6-4B4B-BD19-F844504514DF}.Ad-Hoc|Any CPU.ActiveCfg = Release|Any CPU
		{A7D42473-E9C6-4B4B-BD19-F844504514DF}.Ad-Hoc|Any CPU.Build.0 = Release|Any CPU
		{A7D42473-E9C6-4B4B-BD19-F844504514DF}.Ad-Hoc|ARM.ActiveCfg = Release|Any CPU
		{A7D42473-E9C6-4B4B-BD19-F844504514DF}.Ad-Hoc|iPhone.ActiveCfg = Release|Any CPU
		{A7D42473-E9C6-4B4B-BD19-F844504514DF}.Ad-Hoc|iPhoneSimulator.ActiveCfg = Release|Any CPU
		{A7D42473-E9C6-4B4B-BD19-F844504514DF}.Ad-Hoc|Mixed Platforms.ActiveCfg = Release|Any CPU
		{A7D42473-E9C6-4B4B-BD19-F844504514DF}.Ad-Hoc|Mixed Platforms.Build.0 = Release|Any CPU
		{A7D42473-E9C6-4B4B-BD19-F844504514DF}.Ad-Hoc|x64.ActiveCfg = Release|Any CPU
		{A7D42473-E9C6-4B4B-BD19-F844504514DF}.Ad-Hoc|x86.ActiveCfg = Release|Any CPU
		{A7D42473-E9C6-4B4B-BD19-F844504514DF}.AppStore|Any CPU.ActiveCfg = Release|Any CPU
		{A7D42473-E9C6-4B4B-BD19-F844504514DF}.AppStore|Any CPU.Build.0 = Release|Any CPU
		{A7D42473-E9C6-4B4B-BD19-F844504514DF}.AppStore|ARM.ActiveCfg = Release|Any CPU
		{A7D42473-E9C6-4B4B-BD19-F844504514DF}.AppStore|iPhone.ActiveCfg = Release|Any CPU
		{A7D42473-E9C6-4B4B-BD19-F844504514DF}.AppStore|iPhoneSimulator.ActiveCfg = Release|Any CPU
		{A7D42473-E9C6-4B4B-BD19-F844504514DF}.AppStore|Mixed Platforms.ActiveCfg = Release|Any CPU
		{A7D42473-E9C6-4B4B-BD19-F844504514DF}.AppStore|Mixed Platforms.Build.0 = Release|Any CPU
		{A7D42473-E9C6-4B4B-BD19-F844504514DF}.AppStore|x64.ActiveCfg = Release|Any CPU
		{A7D42473-E9C6-4B4B-BD19-F844504514DF}.AppStore|x86.ActiveCfg = Release|Any CPU
		{A7D42473-E9C6-4B4B-BD19-F844504514DF}.Debug|Any CPU.ActiveCfg = Debug|Any CPU
		{A7D42473-E9C6-4B4B-BD19-F844504514DF}.Debug|Any CPU.Build.0 = Debug|Any CPU
		{A7D42473-E9C6-4B4B-BD19-F844504514DF}.Debug|ARM.ActiveCfg = Debug|Any CPU
		{A7D42473-E9C6-4B4B-BD19-F844504514DF}.Debug|iPhone.ActiveCfg = Debug|Any CPU
		{A7D42473-E9C6-4B4B-BD19-F844504514DF}.Debug|iPhoneSimulator.ActiveCfg = Debug|Any CPU
		{A7D42473-E9C6-4B4B-BD19-F844504514DF}.Debug|Mixed Platforms.ActiveCfg = Debug|Any CPU
		{A7D42473-E9C6-4B4B-BD19-F844504514DF}.Debug|Mixed Platforms.Build.0 = Debug|Any CPU
		{A7D42473-E9C6-4B4B-BD19-F844504514DF}.Debug|x64.ActiveCfg = Debug|Any CPU
		{A7D42473-E9C6-4B4B-BD19-F844504514DF}.Debug|x86.ActiveCfg = Debug|Any CPU
		{A7D42473-E9C6-4B4B-BD19-F844504514DF}.Release|Any CPU.ActiveCfg = Release|Any CPU
		{A7D42473-E9C6-4B4B-BD19-F844504514DF}.Release|Any CPU.Build.0 = Release|Any CPU
		{A7D42473-E9C6-4B4B-BD19-F844504514DF}.Release|ARM.ActiveCfg = Release|Any CPU
		{A7D42473-E9C6-4B4B-BD19-F844504514DF}.Release|iPhone.ActiveCfg = Release|Any CPU
		{A7D42473-E9C6-4B4B-BD19-F844504514DF}.Release|iPhoneSimulator.ActiveCfg = Release|Any CPU
		{A7D42473-E9C6-4B4B-BD19-F844504514DF}.Release|Mixed Platforms.ActiveCfg = Release|Any CPU
		{A7D42473-E9C6-4B4B-BD19-F844504514DF}.Release|Mixed Platforms.Build.0 = Release|Any CPU
		{A7D42473-E9C6-4B4B-BD19-F844504514DF}.Release|x64.ActiveCfg = Release|Any CPU
		{A7D42473-E9C6-4B4B-BD19-F844504514DF}.Release|x86.ActiveCfg = Release|Any CPU
		{AC9CC475-4285-4AB1-B394-0B1BF93D12B6}.Ad-Hoc|Any CPU.ActiveCfg = Release|Any CPU
		{AC9CC475-4285-4AB1-B394-0B1BF93D12B6}.Ad-Hoc|Any CPU.Build.0 = Release|Any CPU
		{AC9CC475-4285-4AB1-B394-0B1BF93D12B6}.Ad-Hoc|Any CPU.Deploy.0 = Release|Any CPU
		{AC9CC475-4285-4AB1-B394-0B1BF93D12B6}.Ad-Hoc|ARM.ActiveCfg = Release|Any CPU
		{AC9CC475-4285-4AB1-B394-0B1BF93D12B6}.Ad-Hoc|iPhone.ActiveCfg = Release|Any CPU
		{AC9CC475-4285-4AB1-B394-0B1BF93D12B6}.Ad-Hoc|iPhoneSimulator.ActiveCfg = Release|Any CPU
		{AC9CC475-4285-4AB1-B394-0B1BF93D12B6}.Ad-Hoc|Mixed Platforms.ActiveCfg = Release|Any CPU
		{AC9CC475-4285-4AB1-B394-0B1BF93D12B6}.Ad-Hoc|Mixed Platforms.Build.0 = Release|Any CPU
		{AC9CC475-4285-4AB1-B394-0B1BF93D12B6}.Ad-Hoc|Mixed Platforms.Deploy.0 = Release|Any CPU
		{AC9CC475-4285-4AB1-B394-0B1BF93D12B6}.Ad-Hoc|x64.ActiveCfg = Release|Any CPU
		{AC9CC475-4285-4AB1-B394-0B1BF93D12B6}.Ad-Hoc|x86.ActiveCfg = Release|Any CPU
		{AC9CC475-4285-4AB1-B394-0B1BF93D12B6}.AppStore|Any CPU.ActiveCfg = Release|Any CPU
		{AC9CC475-4285-4AB1-B394-0B1BF93D12B6}.AppStore|Any CPU.Build.0 = Release|Any CPU
		{AC9CC475-4285-4AB1-B394-0B1BF93D12B6}.AppStore|Any CPU.Deploy.0 = Release|Any CPU
		{AC9CC475-4285-4AB1-B394-0B1BF93D12B6}.AppStore|ARM.ActiveCfg = Release|Any CPU
		{AC9CC475-4285-4AB1-B394-0B1BF93D12B6}.AppStore|iPhone.ActiveCfg = Release|Any CPU
		{AC9CC475-4285-4AB1-B394-0B1BF93D12B6}.AppStore|iPhoneSimulator.ActiveCfg = Release|Any CPU
		{AC9CC475-4285-4AB1-B394-0B1BF93D12B6}.AppStore|Mixed Platforms.ActiveCfg = Release|Any CPU
		{AC9CC475-4285-4AB1-B394-0B1BF93D12B6}.AppStore|Mixed Platforms.Build.0 = Release|Any CPU
		{AC9CC475-4285-4AB1-B394-0B1BF93D12B6}.AppStore|Mixed Platforms.Deploy.0 = Release|Any CPU
		{AC9CC475-4285-4AB1-B394-0B1BF93D12B6}.AppStore|x64.ActiveCfg = Release|Any CPU
		{AC9CC475-4285-4AB1-B394-0B1BF93D12B6}.AppStore|x86.ActiveCfg = Release|Any CPU
		{AC9CC475-4285-4AB1-B394-0B1BF93D12B6}.Debug|Any CPU.ActiveCfg = Debug|Any CPU
		{AC9CC475-4285-4AB1-B394-0B1BF93D12B6}.Debug|Any CPU.Build.0 = Debug|Any CPU
		{AC9CC475-4285-4AB1-B394-0B1BF93D12B6}.Debug|Any CPU.Deploy.0 = Debug|Any CPU
		{AC9CC475-4285-4AB1-B394-0B1BF93D12B6}.Debug|ARM.ActiveCfg = Debug|Any CPU
		{AC9CC475-4285-4AB1-B394-0B1BF93D12B6}.Debug|iPhone.ActiveCfg = Debug|Any CPU
		{AC9CC475-4285-4AB1-B394-0B1BF93D12B6}.Debug|iPhoneSimulator.ActiveCfg = Debug|Any CPU
		{AC9CC475-4285-4AB1-B394-0B1BF93D12B6}.Debug|Mixed Platforms.ActiveCfg = Debug|Any CPU
		{AC9CC475-4285-4AB1-B394-0B1BF93D12B6}.Debug|Mixed Platforms.Build.0 = Debug|Any CPU
		{AC9CC475-4285-4AB1-B394-0B1BF93D12B6}.Debug|Mixed Platforms.Deploy.0 = Debug|Any CPU
		{AC9CC475-4285-4AB1-B394-0B1BF93D12B6}.Debug|x64.ActiveCfg = Debug|Any CPU
		{AC9CC475-4285-4AB1-B394-0B1BF93D12B6}.Debug|x86.ActiveCfg = Debug|Any CPU
		{AC9CC475-4285-4AB1-B394-0B1BF93D12B6}.Release|Any CPU.ActiveCfg = Release|Any CPU
		{AC9CC475-4285-4AB1-B394-0B1BF93D12B6}.Release|Any CPU.Build.0 = Release|Any CPU
		{AC9CC475-4285-4AB1-B394-0B1BF93D12B6}.Release|Any CPU.Deploy.0 = Release|Any CPU
		{AC9CC475-4285-4AB1-B394-0B1BF93D12B6}.Release|ARM.ActiveCfg = Release|Any CPU
		{AC9CC475-4285-4AB1-B394-0B1BF93D12B6}.Release|iPhone.ActiveCfg = Release|Any CPU
		{AC9CC475-4285-4AB1-B394-0B1BF93D12B6}.Release|iPhoneSimulator.ActiveCfg = Release|Any CPU
		{AC9CC475-4285-4AB1-B394-0B1BF93D12B6}.Release|Mixed Platforms.ActiveCfg = Release|Any CPU
		{AC9CC475-4285-4AB1-B394-0B1BF93D12B6}.Release|Mixed Platforms.Build.0 = Release|Any CPU
		{AC9CC475-4285-4AB1-B394-0B1BF93D12B6}.Release|Mixed Platforms.Deploy.0 = Release|Any CPU
		{AC9CC475-4285-4AB1-B394-0B1BF93D12B6}.Release|x64.ActiveCfg = Release|Any CPU
		{AC9CC475-4285-4AB1-B394-0B1BF93D12B6}.Release|x86.ActiveCfg = Release|Any CPU
		{036997EE-AE41-4F1E-B701-A5E8B25954F8}.Ad-Hoc|Any CPU.ActiveCfg = Ad-Hoc|iPhone
		{036997EE-AE41-4F1E-B701-A5E8B25954F8}.Ad-Hoc|ARM.ActiveCfg = Ad-Hoc|iPhone
		{036997EE-AE41-4F1E-B701-A5E8B25954F8}.Ad-Hoc|iPhone.ActiveCfg = Ad-Hoc|iPhone
		{036997EE-AE41-4F1E-B701-A5E8B25954F8}.Ad-Hoc|iPhone.Build.0 = Ad-Hoc|iPhone
		{036997EE-AE41-4F1E-B701-A5E8B25954F8}.Ad-Hoc|iPhone.Deploy.0 = Ad-Hoc|iPhone
		{036997EE-AE41-4F1E-B701-A5E8B25954F8}.Ad-Hoc|iPhoneSimulator.ActiveCfg = Ad-Hoc|iPhoneSimulator
		{036997EE-AE41-4F1E-B701-A5E8B25954F8}.Ad-Hoc|iPhoneSimulator.Build.0 = Ad-Hoc|iPhoneSimulator
		{036997EE-AE41-4F1E-B701-A5E8B25954F8}.Ad-Hoc|iPhoneSimulator.Deploy.0 = Ad-Hoc|iPhoneSimulator
		{036997EE-AE41-4F1E-B701-A5E8B25954F8}.Ad-Hoc|Mixed Platforms.ActiveCfg = Ad-Hoc|iPhone
		{036997EE-AE41-4F1E-B701-A5E8B25954F8}.Ad-Hoc|Mixed Platforms.Build.0 = Ad-Hoc|iPhone
		{036997EE-AE41-4F1E-B701-A5E8B25954F8}.Ad-Hoc|Mixed Platforms.Deploy.0 = Ad-Hoc|iPhone
		{036997EE-AE41-4F1E-B701-A5E8B25954F8}.Ad-Hoc|x64.ActiveCfg = Ad-Hoc|iPhone
		{036997EE-AE41-4F1E-B701-A5E8B25954F8}.Ad-Hoc|x86.ActiveCfg = Ad-Hoc|iPhone
		{036997EE-AE41-4F1E-B701-A5E8B25954F8}.AppStore|Any CPU.ActiveCfg = AppStore|iPhone
		{036997EE-AE41-4F1E-B701-A5E8B25954F8}.AppStore|ARM.ActiveCfg = AppStore|iPhone
		{036997EE-AE41-4F1E-B701-A5E8B25954F8}.AppStore|iPhone.ActiveCfg = AppStore|iPhone
		{036997EE-AE41-4F1E-B701-A5E8B25954F8}.AppStore|iPhone.Build.0 = AppStore|iPhone
		{036997EE-AE41-4F1E-B701-A5E8B25954F8}.AppStore|iPhone.Deploy.0 = AppStore|iPhone
		{036997EE-AE41-4F1E-B701-A5E8B25954F8}.AppStore|iPhoneSimulator.ActiveCfg = AppStore|iPhoneSimulator
		{036997EE-AE41-4F1E-B701-A5E8B25954F8}.AppStore|iPhoneSimulator.Build.0 = AppStore|iPhoneSimulator
		{036997EE-AE41-4F1E-B701-A5E8B25954F8}.AppStore|iPhoneSimulator.Deploy.0 = AppStore|iPhoneSimulator
		{036997EE-AE41-4F1E-B701-A5E8B25954F8}.AppStore|Mixed Platforms.ActiveCfg = AppStore|iPhone
		{036997EE-AE41-4F1E-B701-A5E8B25954F8}.AppStore|Mixed Platforms.Build.0 = AppStore|iPhone
		{036997EE-AE41-4F1E-B701-A5E8B25954F8}.AppStore|Mixed Platforms.Deploy.0 = AppStore|iPhone
		{036997EE-AE41-4F1E-B701-A5E8B25954F8}.AppStore|x64.ActiveCfg = AppStore|iPhone
		{036997EE-AE41-4F1E-B701-A5E8B25954F8}.AppStore|x86.ActiveCfg = AppStore|iPhone
		{036997EE-AE41-4F1E-B701-A5E8B25954F8}.Debug|Any CPU.ActiveCfg = Debug|iPhone
		{036997EE-AE41-4F1E-B701-A5E8B25954F8}.Debug|ARM.ActiveCfg = Debug|iPhone
		{036997EE-AE41-4F1E-B701-A5E8B25954F8}.Debug|iPhone.ActiveCfg = Debug|iPhone
		{036997EE-AE41-4F1E-B701-A5E8B25954F8}.Debug|iPhone.Build.0 = Debug|iPhone
		{036997EE-AE41-4F1E-B701-A5E8B25954F8}.Debug|iPhone.Deploy.0 = Debug|iPhone
		{036997EE-AE41-4F1E-B701-A5E8B25954F8}.Debug|iPhoneSimulator.ActiveCfg = Debug|iPhoneSimulator
		{036997EE-AE41-4F1E-B701-A5E8B25954F8}.Debug|iPhoneSimulator.Build.0 = Debug|iPhoneSimulator
		{036997EE-AE41-4F1E-B701-A5E8B25954F8}.Debug|iPhoneSimulator.Deploy.0 = Debug|iPhoneSimulator
		{036997EE-AE41-4F1E-B701-A5E8B25954F8}.Debug|Mixed Platforms.ActiveCfg = Debug|iPhoneSimulator
		{036997EE-AE41-4F1E-B701-A5E8B25954F8}.Debug|Mixed Platforms.Build.0 = Debug|iPhoneSimulator
		{036997EE-AE41-4F1E-B701-A5E8B25954F8}.Debug|Mixed Platforms.Deploy.0 = Debug|iPhoneSimulator
		{036997EE-AE41-4F1E-B701-A5E8B25954F8}.Debug|x64.ActiveCfg = Debug|iPhone
		{036997EE-AE41-4F1E-B701-A5E8B25954F8}.Debug|x86.ActiveCfg = Debug|iPhone
		{036997EE-AE41-4F1E-B701-A5E8B25954F8}.Release|Any CPU.ActiveCfg = Release|iPhone
		{036997EE-AE41-4F1E-B701-A5E8B25954F8}.Release|ARM.ActiveCfg = Release|iPhone
		{036997EE-AE41-4F1E-B701-A5E8B25954F8}.Release|iPhone.ActiveCfg = Release|iPhone
		{036997EE-AE41-4F1E-B701-A5E8B25954F8}.Release|iPhone.Build.0 = Release|iPhone
		{036997EE-AE41-4F1E-B701-A5E8B25954F8}.Release|iPhone.Deploy.0 = Release|iPhone
		{036997EE-AE41-4F1E-B701-A5E8B25954F8}.Release|iPhoneSimulator.ActiveCfg = Release|iPhoneSimulator
		{036997EE-AE41-4F1E-B701-A5E8B25954F8}.Release|iPhoneSimulator.Build.0 = Release|iPhoneSimulator
		{036997EE-AE41-4F1E-B701-A5E8B25954F8}.Release|iPhoneSimulator.Deploy.0 = Release|iPhoneSimulator
		{036997EE-AE41-4F1E-B701-A5E8B25954F8}.Release|Mixed Platforms.ActiveCfg = Release|iPhone
		{036997EE-AE41-4F1E-B701-A5E8B25954F8}.Release|Mixed Platforms.Build.0 = Release|iPhone
		{036997EE-AE41-4F1E-B701-A5E8B25954F8}.Release|Mixed Platforms.Deploy.0 = Release|iPhone
		{036997EE-AE41-4F1E-B701-A5E8B25954F8}.Release|x64.ActiveCfg = Release|iPhone
		{036997EE-AE41-4F1E-B701-A5E8B25954F8}.Release|x86.ActiveCfg = Release|iPhone
		{94F079ED-C3B0-429F-8096-E6998659CE03}.Ad-Hoc|Any CPU.ActiveCfg = Release|Any CPU
		{94F079ED-C3B0-429F-8096-E6998659CE03}.Ad-Hoc|Any CPU.Build.0 = Release|Any CPU
		{94F079ED-C3B0-429F-8096-E6998659CE03}.Ad-Hoc|Any CPU.Deploy.0 = Release|Any CPU
		{94F079ED-C3B0-429F-8096-E6998659CE03}.Ad-Hoc|ARM.ActiveCfg = Release|ARM
		{94F079ED-C3B0-429F-8096-E6998659CE03}.Ad-Hoc|ARM.Build.0 = Release|ARM
		{94F079ED-C3B0-429F-8096-E6998659CE03}.Ad-Hoc|ARM.Deploy.0 = Release|ARM
		{94F079ED-C3B0-429F-8096-E6998659CE03}.Ad-Hoc|iPhone.ActiveCfg = Release|Any CPU
		{94F079ED-C3B0-429F-8096-E6998659CE03}.Ad-Hoc|iPhoneSimulator.ActiveCfg = Release|Any CPU
		{94F079ED-C3B0-429F-8096-E6998659CE03}.Ad-Hoc|Mixed Platforms.ActiveCfg = Release|x86
		{94F079ED-C3B0-429F-8096-E6998659CE03}.Ad-Hoc|Mixed Platforms.Build.0 = Release|x86
		{94F079ED-C3B0-429F-8096-E6998659CE03}.Ad-Hoc|Mixed Platforms.Deploy.0 = Release|x86
		{94F079ED-C3B0-429F-8096-E6998659CE03}.Ad-Hoc|x64.ActiveCfg = Release|Any CPU
		{94F079ED-C3B0-429F-8096-E6998659CE03}.Ad-Hoc|x86.ActiveCfg = Release|x86
		{94F079ED-C3B0-429F-8096-E6998659CE03}.Ad-Hoc|x86.Build.0 = Release|x86
		{94F079ED-C3B0-429F-8096-E6998659CE03}.Ad-Hoc|x86.Deploy.0 = Release|x86
		{94F079ED-C3B0-429F-8096-E6998659CE03}.AppStore|Any CPU.ActiveCfg = Release|Any CPU
		{94F079ED-C3B0-429F-8096-E6998659CE03}.AppStore|Any CPU.Build.0 = Release|Any CPU
		{94F079ED-C3B0-429F-8096-E6998659CE03}.AppStore|Any CPU.Deploy.0 = Release|Any CPU
		{94F079ED-C3B0-429F-8096-E6998659CE03}.AppStore|ARM.ActiveCfg = Release|ARM
		{94F079ED-C3B0-429F-8096-E6998659CE03}.AppStore|ARM.Build.0 = Release|ARM
		{94F079ED-C3B0-429F-8096-E6998659CE03}.AppStore|ARM.Deploy.0 = Release|ARM
		{94F079ED-C3B0-429F-8096-E6998659CE03}.AppStore|iPhone.ActiveCfg = Release|Any CPU
		{94F079ED-C3B0-429F-8096-E6998659CE03}.AppStore|iPhoneSimulator.ActiveCfg = Release|Any CPU
		{94F079ED-C3B0-429F-8096-E6998659CE03}.AppStore|Mixed Platforms.ActiveCfg = Release|x86
		{94F079ED-C3B0-429F-8096-E6998659CE03}.AppStore|Mixed Platforms.Build.0 = Release|x86
		{94F079ED-C3B0-429F-8096-E6998659CE03}.AppStore|Mixed Platforms.Deploy.0 = Release|x86
		{94F079ED-C3B0-429F-8096-E6998659CE03}.AppStore|x64.ActiveCfg = Release|Any CPU
		{94F079ED-C3B0-429F-8096-E6998659CE03}.AppStore|x86.ActiveCfg = Release|x86
		{94F079ED-C3B0-429F-8096-E6998659CE03}.AppStore|x86.Build.0 = Release|x86
		{94F079ED-C3B0-429F-8096-E6998659CE03}.AppStore|x86.Deploy.0 = Release|x86
		{94F079ED-C3B0-429F-8096-E6998659CE03}.Debug|Any CPU.ActiveCfg = Debug|Any CPU
		{94F079ED-C3B0-429F-8096-E6998659CE03}.Debug|Any CPU.Build.0 = Debug|Any CPU
		{94F079ED-C3B0-429F-8096-E6998659CE03}.Debug|Any CPU.Deploy.0 = Debug|Any CPU
		{94F079ED-C3B0-429F-8096-E6998659CE03}.Debug|ARM.ActiveCfg = Debug|ARM
		{94F079ED-C3B0-429F-8096-E6998659CE03}.Debug|ARM.Build.0 = Debug|ARM
		{94F079ED-C3B0-429F-8096-E6998659CE03}.Debug|ARM.Deploy.0 = Debug|ARM
		{94F079ED-C3B0-429F-8096-E6998659CE03}.Debug|iPhone.ActiveCfg = Debug|Any CPU
		{94F079ED-C3B0-429F-8096-E6998659CE03}.Debug|iPhoneSimulator.ActiveCfg = Debug|Any CPU
		{94F079ED-C3B0-429F-8096-E6998659CE03}.Debug|Mixed Platforms.ActiveCfg = Debug|x86
		{94F079ED-C3B0-429F-8096-E6998659CE03}.Debug|Mixed Platforms.Build.0 = Debug|x86
		{94F079ED-C3B0-429F-8096-E6998659CE03}.Debug|Mixed Platforms.Deploy.0 = Debug|x86
		{94F079ED-C3B0-429F-8096-E6998659CE03}.Debug|x64.ActiveCfg = Debug|Any CPU
		{94F079ED-C3B0-429F-8096-E6998659CE03}.Debug|x86.ActiveCfg = Debug|x86
		{94F079ED-C3B0-429F-8096-E6998659CE03}.Debug|x86.Build.0 = Debug|x86
		{94F079ED-C3B0-429F-8096-E6998659CE03}.Debug|x86.Deploy.0 = Debug|x86
		{94F079ED-C3B0-429F-8096-E6998659CE03}.Release|Any CPU.ActiveCfg = Release|Any CPU
		{94F079ED-C3B0-429F-8096-E6998659CE03}.Release|Any CPU.Build.0 = Release|Any CPU
		{94F079ED-C3B0-429F-8096-E6998659CE03}.Release|Any CPU.Deploy.0 = Release|Any CPU
		{94F079ED-C3B0-429F-8096-E6998659CE03}.Release|ARM.ActiveCfg = Release|ARM
		{94F079ED-C3B0-429F-8096-E6998659CE03}.Release|ARM.Build.0 = Release|ARM
		{94F079ED-C3B0-429F-8096-E6998659CE03}.Release|ARM.Deploy.0 = Release|ARM
		{94F079ED-C3B0-429F-8096-E6998659CE03}.Release|iPhone.ActiveCfg = Release|Any CPU
		{94F079ED-C3B0-429F-8096-E6998659CE03}.Release|iPhoneSimulator.ActiveCfg = Release|Any CPU
		{94F079ED-C3B0-429F-8096-E6998659CE03}.Release|Mixed Platforms.ActiveCfg = Release|x86
		{94F079ED-C3B0-429F-8096-E6998659CE03}.Release|Mixed Platforms.Build.0 = Release|x86
		{94F079ED-C3B0-429F-8096-E6998659CE03}.Release|Mixed Platforms.Deploy.0 = Release|x86
		{94F079ED-C3B0-429F-8096-E6998659CE03}.Release|x64.ActiveCfg = Release|Any CPU
		{94F079ED-C3B0-429F-8096-E6998659CE03}.Release|x86.ActiveCfg = Release|x86
		{94F079ED-C3B0-429F-8096-E6998659CE03}.Release|x86.Build.0 = Release|x86
		{94F079ED-C3B0-429F-8096-E6998659CE03}.Release|x86.Deploy.0 = Release|x86
		{F260D9E2-137A-40E5-A366-7D8302EC7520}.Ad-Hoc|Any CPU.ActiveCfg = Release|Any CPU
		{F260D9E2-137A-40E5-A366-7D8302EC7520}.Ad-Hoc|Any CPU.Build.0 = Release|Any CPU
		{F260D9E2-137A-40E5-A366-7D8302EC7520}.Ad-Hoc|Any CPU.Deploy.0 = Release|Any CPU
		{F260D9E2-137A-40E5-A366-7D8302EC7520}.Ad-Hoc|ARM.ActiveCfg = Release|ARM
		{F260D9E2-137A-40E5-A366-7D8302EC7520}.Ad-Hoc|ARM.Build.0 = Release|ARM
		{F260D9E2-137A-40E5-A366-7D8302EC7520}.Ad-Hoc|ARM.Deploy.0 = Release|ARM
		{F260D9E2-137A-40E5-A366-7D8302EC7520}.Ad-Hoc|iPhone.ActiveCfg = Release|Any CPU
		{F260D9E2-137A-40E5-A366-7D8302EC7520}.Ad-Hoc|iPhoneSimulator.ActiveCfg = Release|Any CPU
		{F260D9E2-137A-40E5-A366-7D8302EC7520}.Ad-Hoc|Mixed Platforms.ActiveCfg = Release|x86
		{F260D9E2-137A-40E5-A366-7D8302EC7520}.Ad-Hoc|Mixed Platforms.Build.0 = Release|x86
		{F260D9E2-137A-40E5-A366-7D8302EC7520}.Ad-Hoc|Mixed Platforms.Deploy.0 = Release|x86
		{F260D9E2-137A-40E5-A366-7D8302EC7520}.Ad-Hoc|x64.ActiveCfg = Release|x64
		{F260D9E2-137A-40E5-A366-7D8302EC7520}.Ad-Hoc|x64.Build.0 = Release|x64
		{F260D9E2-137A-40E5-A366-7D8302EC7520}.Ad-Hoc|x64.Deploy.0 = Release|x64
		{F260D9E2-137A-40E5-A366-7D8302EC7520}.Ad-Hoc|x86.ActiveCfg = Release|x86
		{F260D9E2-137A-40E5-A366-7D8302EC7520}.Ad-Hoc|x86.Build.0 = Release|x86
		{F260D9E2-137A-40E5-A366-7D8302EC7520}.Ad-Hoc|x86.Deploy.0 = Release|x86
		{F260D9E2-137A-40E5-A366-7D8302EC7520}.AppStore|Any CPU.ActiveCfg = Release|Any CPU
		{F260D9E2-137A-40E5-A366-7D8302EC7520}.AppStore|Any CPU.Build.0 = Release|Any CPU
		{F260D9E2-137A-40E5-A366-7D8302EC7520}.AppStore|Any CPU.Deploy.0 = Release|Any CPU
		{F260D9E2-137A-40E5-A366-7D8302EC7520}.AppStore|ARM.ActiveCfg = Release|ARM
		{F260D9E2-137A-40E5-A366-7D8302EC7520}.AppStore|ARM.Build.0 = Release|ARM
		{F260D9E2-137A-40E5-A366-7D8302EC7520}.AppStore|ARM.Deploy.0 = Release|ARM
		{F260D9E2-137A-40E5-A366-7D8302EC7520}.AppStore|iPhone.ActiveCfg = Release|Any CPU
		{F260D9E2-137A-40E5-A366-7D8302EC7520}.AppStore|iPhoneSimulator.ActiveCfg = Release|Any CPU
		{F260D9E2-137A-40E5-A366-7D8302EC7520}.AppStore|Mixed Platforms.ActiveCfg = Release|x86
		{F260D9E2-137A-40E5-A366-7D8302EC7520}.AppStore|Mixed Platforms.Build.0 = Release|x86
		{F260D9E2-137A-40E5-A366-7D8302EC7520}.AppStore|Mixed Platforms.Deploy.0 = Release|x86
		{F260D9E2-137A-40E5-A366-7D8302EC7520}.AppStore|x64.ActiveCfg = Release|x64
		{F260D9E2-137A-40E5-A366-7D8302EC7520}.AppStore|x64.Build.0 = Release|x64
		{F260D9E2-137A-40E5-A366-7D8302EC7520}.AppStore|x64.Deploy.0 = Release|x64
		{F260D9E2-137A-40E5-A366-7D8302EC7520}.AppStore|x86.ActiveCfg = Release|x86
		{F260D9E2-137A-40E5-A366-7D8302EC7520}.AppStore|x86.Build.0 = Release|x86
		{F260D9E2-137A-40E5-A366-7D8302EC7520}.AppStore|x86.Deploy.0 = Release|x86
		{F260D9E2-137A-40E5-A366-7D8302EC7520}.Debug|Any CPU.ActiveCfg = Debug|Any CPU
		{F260D9E2-137A-40E5-A366-7D8302EC7520}.Debug|Any CPU.Build.0 = Debug|Any CPU
		{F260D9E2-137A-40E5-A366-7D8302EC7520}.Debug|Any CPU.Deploy.0 = Debug|Any CPU
		{F260D9E2-137A-40E5-A366-7D8302EC7520}.Debug|ARM.ActiveCfg = Debug|ARM
		{F260D9E2-137A-40E5-A366-7D8302EC7520}.Debug|ARM.Build.0 = Debug|ARM
		{F260D9E2-137A-40E5-A366-7D8302EC7520}.Debug|ARM.Deploy.0 = Debug|ARM
		{F260D9E2-137A-40E5-A366-7D8302EC7520}.Debug|iPhone.ActiveCfg = Debug|Any CPU
		{F260D9E2-137A-40E5-A366-7D8302EC7520}.Debug|iPhoneSimulator.ActiveCfg = Debug|Any CPU
		{F260D9E2-137A-40E5-A366-7D8302EC7520}.Debug|Mixed Platforms.ActiveCfg = Debug|x86
		{F260D9E2-137A-40E5-A366-7D8302EC7520}.Debug|Mixed Platforms.Build.0 = Debug|x86
		{F260D9E2-137A-40E5-A366-7D8302EC7520}.Debug|Mixed Platforms.Deploy.0 = Debug|x86
		{F260D9E2-137A-40E5-A366-7D8302EC7520}.Debug|x64.ActiveCfg = Debug|x64
		{F260D9E2-137A-40E5-A366-7D8302EC7520}.Debug|x64.Build.0 = Debug|x64
		{F260D9E2-137A-40E5-A366-7D8302EC7520}.Debug|x64.Deploy.0 = Debug|x64
		{F260D9E2-137A-40E5-A366-7D8302EC7520}.Debug|x86.ActiveCfg = Debug|x86
		{F260D9E2-137A-40E5-A366-7D8302EC7520}.Debug|x86.Build.0 = Debug|x86
		{F260D9E2-137A-40E5-A366-7D8302EC7520}.Debug|x86.Deploy.0 = Debug|x86
		{F260D9E2-137A-40E5-A366-7D8302EC7520}.Release|Any CPU.ActiveCfg = Release|Any CPU
		{F260D9E2-137A-40E5-A366-7D8302EC7520}.Release|Any CPU.Build.0 = Release|Any CPU
		{F260D9E2-137A-40E5-A366-7D8302EC7520}.Release|Any CPU.Deploy.0 = Release|Any CPU
		{F260D9E2-137A-40E5-A366-7D8302EC7520}.Release|ARM.ActiveCfg = Release|ARM
		{F260D9E2-137A-40E5-A366-7D8302EC7520}.Release|ARM.Build.0 = Release|ARM
		{F260D9E2-137A-40E5-A366-7D8302EC7520}.Release|ARM.Deploy.0 = Release|ARM
		{F260D9E2-137A-40E5-A366-7D8302EC7520}.Release|iPhone.ActiveCfg = Release|Any CPU
		{F260D9E2-137A-40E5-A366-7D8302EC7520}.Release|iPhoneSimulator.ActiveCfg = Release|Any CPU
		{F260D9E2-137A-40E5-A366-7D8302EC7520}.Release|Mixed Platforms.ActiveCfg = Release|x86
		{F260D9E2-137A-40E5-A366-7D8302EC7520}.Release|Mixed Platforms.Build.0 = Release|x86
		{F260D9E2-137A-40E5-A366-7D8302EC7520}.Release|Mixed Platforms.Deploy.0 = Release|x86
		{F260D9E2-137A-40E5-A366-7D8302EC7520}.Release|x64.ActiveCfg = Release|x64
		{F260D9E2-137A-40E5-A366-7D8302EC7520}.Release|x64.Build.0 = Release|x64
		{F260D9E2-137A-40E5-A366-7D8302EC7520}.Release|x64.Deploy.0 = Release|x64
		{F260D9E2-137A-40E5-A366-7D8302EC7520}.Release|x86.ActiveCfg = Release|x86
		{F260D9E2-137A-40E5-A366-7D8302EC7520}.Release|x86.Build.0 = Release|x86
		{F260D9E2-137A-40E5-A366-7D8302EC7520}.Release|x86.Deploy.0 = Release|x86
	EndGlobalSection
	GlobalSection(SolutionProperties) = preSolution
		HideSolutionNode = FALSE
	EndGlobalSection
	GlobalSection(NestedProjects) = preSolution
		{A7D42473-E9C6-4B4B-BD19-F844504514DF} = {029BEE0E-DB4E-4DC9-A583-8E66B22F891E}
		{AC9CC475-4285-4AB1-B394-0B1BF93D12B6} = {029BEE0E-DB4E-4DC9-A583-8E66B22F891E}
		{036997EE-AE41-4F1E-B701-A5E8B25954F8} = {029BEE0E-DB4E-4DC9-A583-8E66B22F891E}
		{94F079ED-C3B0-429F-8096-E6998659CE03} = {029BEE0E-DB4E-4DC9-A583-8E66B22F891E}
		{F260D9E2-137A-40E5-A366-7D8302EC7520} = {029BEE0E-DB4E-4DC9-A583-8E66B22F891E}
	EndGlobalSection
EndGlobal
