
Microsoft Visual Studio Solution File, Format Version 12.00
# Visual Studio 2013
VisualStudioVersion = 12.0.30110.0
MinimumVisualStudioVersion = 10.0.40219.1
Project("{FAE04EC0-301F-11D3-BF4B-00C04F79EFBC}") = "Infinity.Mvx.Plugins.Gravatar", "Infinity.Mvx.Plugins.Gravatar\Infinity.Mvx.Plugins.Gravatar.csproj", "{B965158A-ED85-4C78-BFE3-637117765ED1}"
EndProject
Project("{FAE04EC0-301F-11D3-BF4B-00C04F79EFBC}") = "Infinity.Mvx.Plugins.Gravatar.WindowsStore", "Infinity.Mvx.Plugins.Gravatar.WindowsStore\Infinity.Mvx.Plugins.Gravatar.WindowsStore.csproj", "{CE967B96-1E86-4393-92AB-CE0EC97D1D03}"
EndProject
Project("{FAE04EC0-301F-11D3-BF4B-00C04F79EFBC}") = "Infinity.Mvx.Plugins.Gravatar.Touch", "Infinity.Mvx.Plugins.Gravatar.Touch\Infinity.Mvx.Plugins.Gravatar.Touch.csproj", "{5B03874F-4AA2-41A9-A44D-BE1B800577D9}"
EndProject
Project("{FAE04EC0-301F-11D3-BF4B-00C04F79EFBC}") = "Infinity.Mvx.Plugins.Gravatar.WindowsPhone", "Infinity.Mvx.Plugins.Gravatar.WindowsPhone\Infinity.Mvx.Plugins.Gravatar.WindowsPhone.csproj", "{03A876FB-D5A4-4156-A0A9-9F8F7744E88B}"
EndProject
Global
	GlobalSection(SolutionConfigurationPlatforms) = preSolution
		Debug|Any CPU = Debug|Any CPU
		Debug|ARM = Debug|ARM
		Debug|x64 = Debug|x64
		Debug|x86 = Debug|x86
		Release|Any CPU = Release|Any CPU
		Release|ARM = Release|ARM
		Release|x64 = Release|x64
		Release|x86 = Release|x86
	EndGlobalSection
	GlobalSection(ProjectConfigurationPlatforms) = postSolution
		{B965158A-ED85-4C78-BFE3-637117765ED1}.Debug|Any CPU.ActiveCfg = Debug|Any CPU
		{B965158A-ED85-4C78-BFE3-637117765ED1}.Debug|Any CPU.Build.0 = Debug|Any CPU
		{B965158A-ED85-4C78-BFE3-637117765ED1}.Debug|ARM.ActiveCfg = Debug|Any CPU
		{B965158A-ED85-4C78-BFE3-637117765ED1}.Debug|x64.ActiveCfg = Debug|Any CPU
		{B965158A-ED85-4C78-BFE3-637117765ED1}.Debug|x86.ActiveCfg = Debug|Any CPU
		{B965158A-ED85-4C78-BFE3-637117765ED1}.Release|Any CPU.ActiveCfg = Release|Any CPU
		{B965158A-ED85-4C78-BFE3-637117765ED1}.Release|Any CPU.Build.0 = Release|Any CPU
		{B965158A-ED85-4C78-BFE3-637117765ED1}.Release|ARM.ActiveCfg = Release|Any CPU
		{B965158A-ED85-4C78-BFE3-637117765ED1}.Release|x64.ActiveCfg = Release|Any CPU
		{B965158A-ED85-4C78-BFE3-637117765ED1}.Release|x86.ActiveCfg = Release|Any CPU
		{CE967B96-1E86-4393-92AB-CE0EC97D1D03}.Debug|Any CPU.ActiveCfg = Debug|Any CPU
		{CE967B96-1E86-4393-92AB-CE0EC97D1D03}.Debug|Any CPU.Build.0 = Debug|Any CPU
		{CE967B96-1E86-4393-92AB-CE0EC97D1D03}.Debug|ARM.ActiveCfg = Debug|ARM
		{CE967B96-1E86-4393-92AB-CE0EC97D1D03}.Debug|ARM.Build.0 = Debug|ARM
		{CE967B96-1E86-4393-92AB-CE0EC97D1D03}.Debug|x64.ActiveCfg = Debug|x64
		{CE967B96-1E86-4393-92AB-CE0EC97D1D03}.Debug|x64.Build.0 = Debug|x64
		{CE967B96-1E86-4393-92AB-CE0EC97D1D03}.Debug|x86.ActiveCfg = Debug|x86
		{CE967B96-1E86-4393-92AB-CE0EC97D1D03}.Debug|x86.Build.0 = Debug|x86
		{CE967B96-1E86-4393-92AB-CE0EC97D1D03}.Release|Any CPU.ActiveCfg = Release|Any CPU
		{CE967B96-1E86-4393-92AB-CE0EC97D1D03}.Release|Any CPU.Build.0 = Release|Any CPU
		{CE967B96-1E86-4393-92AB-CE0EC97D1D03}.Release|ARM.ActiveCfg = Release|ARM
		{CE967B96-1E86-4393-92AB-CE0EC97D1D03}.Release|ARM.Build.0 = Release|ARM
		{CE967B96-1E86-4393-92AB-CE0EC97D1D03}.Release|x64.ActiveCfg = Release|x64
		{CE967B96-1E86-4393-92AB-CE0EC97D1D03}.Release|x64.Build.0 = Release|x64
		{CE967B96-1E86-4393-92AB-CE0EC97D1D03}.Release|x86.ActiveCfg = Release|x86
		{CE967B96-1E86-4393-92AB-CE0EC97D1D03}.Release|x86.Build.0 = Release|x86
		{5B03874F-4AA2-41A9-A44D-BE1B800577D9}.Debug|Any CPU.ActiveCfg = Debug|Any CPU
		{5B03874F-4AA2-41A9-A44D-BE1B800577D9}.Debug|Any CPU.Build.0 = Debug|Any CPU
		{5B03874F-4AA2-41A9-A44D-BE1B800577D9}.Debug|ARM.ActiveCfg = Debug|Any CPU
		{5B03874F-4AA2-41A9-A44D-BE1B800577D9}.Debug|x64.ActiveCfg = Debug|Any CPU
		{5B03874F-4AA2-41A9-A44D-BE1B800577D9}.Debug|x86.ActiveCfg = Debug|Any CPU
		{5B03874F-4AA2-41A9-A44D-BE1B800577D9}.Release|Any CPU.ActiveCfg = Release|Any CPU
		{5B03874F-4AA2-41A9-A44D-BE1B800577D9}.Release|Any CPU.Build.0 = Release|Any CPU
		{5B03874F-4AA2-41A9-A44D-BE1B800577D9}.Release|ARM.ActiveCfg = Release|Any CPU
		{5B03874F-4AA2-41A9-A44D-BE1B800577D9}.Release|x64.ActiveCfg = Release|Any CPU
		{5B03874F-4AA2-41A9-A44D-BE1B800577D9}.Release|x86.ActiveCfg = Release|Any CPU
		{03A876FB-D5A4-4156-A0A9-9F8F7744E88B}.Debug|Any CPU.ActiveCfg = Debug|Any CPU
		{03A876FB-D5A4-4156-A0A9-9F8F7744E88B}.Debug|Any CPU.Build.0 = Debug|Any CPU
		{03A876FB-D5A4-4156-A0A9-9F8F7744E88B}.Debug|ARM.ActiveCfg = Debug|ARM
		{03A876FB-D5A4-4156-A0A9-9F8F7744E88B}.Debug|ARM.Build.0 = Debug|ARM
		{03A876FB-D5A4-4156-A0A9-9F8F7744E88B}.Debug|x64.ActiveCfg = Debug|Any CPU
		{03A876FB-D5A4-4156-A0A9-9F8F7744E88B}.Debug|x86.ActiveCfg = Debug|x86
		{03A876FB-D5A4-4156-A0A9-9F8F7744E88B}.Debug|x86.Build.0 = Debug|x86
		{03A876FB-D5A4-4156-A0A9-9F8F7744E88B}.Release|Any CPU.ActiveCfg = Release|Any CPU
		{03A876FB-D5A4-4156-A0A9-9F8F7744E88B}.Release|Any CPU.Build.0 = Release|Any CPU
		{03A876FB-D5A4-4156-A0A9-9F8F7744E88B}.Release|ARM.ActiveCfg = Release|ARM
		{03A876FB-D5A4-4156-A0A9-9F8F7744E88B}.Release|ARM.Build.0 = Release|ARM
		{03A876FB-D5A4-4156-A0A9-9F8F7744E88B}.Release|x64.ActiveCfg = Release|Any CPU
		{03A876FB-D5A4-4156-A0A9-9F8F7744E88B}.Release|x86.ActiveCfg = Release|x86
		{03A876FB-D5A4-4156-A0A9-9F8F7744E88B}.Release|x86.Build.0 = Release|x86
	EndGlobalSection
	GlobalSection(SolutionProperties) = preSolution
		HideSolutionNode = FALSE
	EndGlobalSection
EndGlobal
